// !$*UTF8*$!
{
	archiveVersion = 1;
	classes = {
	};
	objectVersion = 77;
	objects = {

/* Begin PBXBuildFile section */
		144234A12F4EAFB600293274 /* JXPhotoBrowser in Frameworks */ = {isa = PBXBuildFile; productRef = 144234A02F4EAFB600293274 /* JXPhotoBrowser */; };
		144234A42F4EAFC200293274 /* Kingfisher in Frameworks */ = {isa = PBXBuildFile; productRef = 144234A32F4EAFC200293274 /* Kingfisher */; };
		144234A72F4EAFE800293274 /* GRDB in Frameworks */ = {isa = PBXBuildFile; productRef = 144234A62F4EAFE800293274 /* GRDB */; };
		144234AA2F4EAFF500293274 /* SnapKit in Frameworks */ = {isa = PBXBuildFile; productRef = 144234A92F4EAFF500293274 /* SnapKit */; };
		14B0C0A12F4F000100111111 /* AMSMB2 in Frameworks */ = {isa = PBXBuildFile; productRef = 14B0C0A32F4F000100111111 /* AMSMB2 */; };
		14B0C0A42F4F000100111111 /* AMSMB2 in Embed Frameworks */ = {isa = PBXBuildFile; productRef = 14B0C0A32F4F000100111111 /* AMSMB2 */; settings = {ATTRIBUTES = (CodeSignOnCopy, RemoveHeadersOnCopy, ); }; };
		14C5C5692F84CEF200939535 /* MarqueeLabel in Frameworks */ = {isa = PBXBuildFile; productRef = 14C5C5682F84CEF200939535 /* MarqueeLabel */; };
		14D1E0012FA50EF800B21C69 /* MoreKit in Frameworks */ = {isa = PBXBuildFile; productRef = 14D1E0032FA50EF800B21C69 /* MoreKit */; };
		14FB00032FEA000100000001 /* FirebaseCrashlytics in Frameworks */ = {isa = PBXBuildFile; productRef = 14FB00022FEA000100000001 /* FirebaseCrashlytics */; };
		14FB00062FEA000100000001 /* FirebaseAnalyticsWithoutAdIdSupport in Frameworks */ = {isa = PBXBuildFile; productRef = 14FB00052FEA000100000001 /* FirebaseAnalyticsWithoutAdIdSupport */; };
/* End PBXBuildFile section */

/* Begin PBXCopyFilesBuildPhase section */
		14B0C0A52F4F000100111111 /* Embed Frameworks */ = {
			isa = PBXCopyFilesBuildPhase;
			buildActionMask = 2147483647;
			dstPath = "";
			dstSubfolderSpec = 10;
			files = (
				14B0C0A42F4F000100111111 /* AMSMB2 in Embed Frameworks */,
			);
			name = "Embed Frameworks";
			runOnlyForDeploymentPostprocessing = 0;
		};
/* End PBXCopyFilesBuildPhase section */

/* Begin PBXFileReference section */
		148EF9522F4EABFE0025F409 /* Watermelon.app */ = {isa = PBXFileReference; explicitFileType = wrapper.application; includeInIndex = 0; path = Watermelon.app; sourceTree = BUILT_PRODUCTS_DIR; };
/* End PBXFileReference section */

/* Begin PBXFileSystemSynchronizedBuildFileExceptionSet section */
		148EF9642F4EABFF0025F409 /* Exceptions for "Watermelon" folder in "Watermelon" target */ = {
			isa = PBXFileSystemSynchronizedBuildFileExceptionSet;
			membershipExceptions = (
				Resource/Info.plist,
			);
			target = 148EF9512F4EABFE0025F409 /* Watermelon */;
		};
/* End PBXFileSystemSynchronizedBuildFileExceptionSet section */

/* Begin PBXFileSystemSynchronizedRootGroup section */
		148EF9542F4EABFE0025F409 /* Watermelon */ = {
			isa = PBXFileSystemSynchronizedRootGroup;
			exceptions = (
				148EF9642F4EABFF0025F409 /* Exceptions for "Watermelon" folder in "Watermelon" target */,
			);
			path = Watermelon;
			sourceTree = "<group>";
		};
/* End PBXFileSystemSynchronizedRootGroup section */

/* Begin PBXFrameworksBuildPhase section */
		148EF94F2F4EABFE0025F409 /* Frameworks */ = {
			isa = PBXFrameworksBuildPhase;
			buildActionMask = 2147483647;
			files = (
				144234A72F4EAFE800293274 /* GRDB in Frameworks */,
				144234AA2F4EAFF500293274 /* SnapKit in Frameworks */,
				14C5C5692F84CEF200939535 /* MarqueeLabel in Frameworks */,
				144234A42F4EAFC200293274 /* Kingfisher in Frameworks */,
				144234A12F4EAFB600293274 /* JXPhotoBrowser in Frameworks */,
				14B0C0A12F4F000100111111 /* AMSMB2 in Frameworks */,
				14D1E0012FA50EF800B21C69 /* MoreKit in Frameworks */,
				14FB00032FEA000100000001 /* FirebaseCrashlytics in Frameworks */,
				14FB00062FEA000100000001 /* FirebaseAnalyticsWithoutAdIdSupport in Frameworks */,
			);
			runOnlyForDeploymentPostprocessing = 0;
		};
/* End PBXFrameworksBuildPhase section */

/* Begin PBXGroup section */
		148EF9492F4EABFE0025F409 = {
			isa = PBXGroup;
			children = (
				148EF9542F4EABFE0025F409 /* Watermelon */,
				148EF9532F4EABFE0025F409 /* Products */,
			);
			sourceTree = "<group>";
		};
		148EF9532F4EABFE0025F409 /* Products */ = {
			isa = PBXGroup;
			children = (
				148EF9522F4EABFE0025F409 /* Watermelon.app */,
			);
			name = Products;
			sourceTree = "<group>";
		};
/* End PBXGroup section */

/* Begin PBXNativeTarget section */
		148EF9512F4EABFE0025F409 /* Watermelon */ = {
			isa = PBXNativeTarget;
			buildConfigurationList = 148EF9652F4EABFF0025F409 /* Build configuration list for PBXNativeTarget "Watermelon" */;
			buildPhases = (
				148EF94E2F4EABFE0025F409 /* Sources */,
				148EF94F2F4EABFE0025F409 /* Frameworks */,
				14B0C0A52F4F000100111111 /* Embed Frameworks */,
				148EF9502F4EABFE0025F409 /* Resources */,
				14FB00042FEA000100000001 /* Run Script: Crashlytics Upload Symbols */,
			);
			buildRules = (
			);
			dependencies = (
			);
			fileSystemSynchronizedGroups = (
				148EF9542F4EABFE0025F409 /* Watermelon */,
			);
			name = Watermelon;
			packageProductDependencies = (
				144234A02F4EAFB600293274 /* JXPhotoBrowser */,
				144234A32F4EAFC200293274 /* Kingfisher */,
				144234A62F4EAFE800293274 /* GRDB */,
				144234A92F4EAFF500293274 /* SnapKit */,
				14B0C0A32F4F000100111111 /* AMSMB2 */,
				14C5C5682F84CEF200939535 /* MarqueeLabel */,
				14D1E0032FA50EF800B21C69 /* MoreKit */,
				14FB00022FEA000100000001 /* FirebaseCrashlytics */,
				14FB00052FEA000100000001 /* FirebaseAnalyticsWithoutAdIdSupport */,
			);
			productName = PhotoBackup;
			productReference = 148EF9522F4EABFE0025F409 /* Watermelon.app */;
			productType = "com.apple.product-type.application";
		};
/* End PBXNativeTarget section */

/* Begin PBXProject section */
		148EF94A2F4EABFE0025F409 /* Project object */ = {
			isa = PBXProject;
			attributes = {
				BuildIndependentTargetsInParallel = 1;
				LastSwiftUpdateCheck = 2620;
				LastUpgradeCheck = 2620;
				TargetAttributes = {
					148EF9512F4EABFE0025F409 = {
						CreatedOnToolsVersion = 26.2;
					};
				};
			};
			buildConfigurationList = 148EF94D2F4EABFE0025F409 /* Build configuration list for PBXProject "Watermelon" */;
			developmentRegion = en;
			hasScannedForEncodings = 0;
			knownRegions = (
				en,
				Base,
				"zh-Hans",
				"zh-HK",
				"zh-Hant",
				de,
				fr,
				ja,
				"pt-BR",
				"pt-PT",
				ko,
				uk,
				es,
				"es-419",
			);
			mainGroup = 148EF9492F4EABFE0025F409;
			minimizedProjectReferenceProxies = 1;
			packageReferences = (
				1442349F2F4EAFB600293274 /* XCRemoteSwiftPackageReference "PhotoBrowser" */,
				144234A22F4EAFC200293274 /* XCRemoteSwiftPackageReference "Kingfisher" */,
				144234A52F4EAFE800293274 /* XCRemoteSwiftPackageReference "GRDB" */,
				144234A82F4EAFF500293274 /* XCRemoteSwiftPackageReference "SnapKit" */,
				14B0C0A22F4F000100111111 /* XCRemoteSwiftPackageReference "AMSMB2" */,
				14C5C5672F84CEF200939535 /* XCRemoteSwiftPackageReference "MarqueeLabel" */,
				14D1E0022FA50EF800B21C69 /* XCRemoteSwiftPackageReference "MoreKit" */,
				14FB00012FEA000100000001 /* XCRemoteSwiftPackageReference "firebase-ios-sdk" */,
			);
			preferredProjectObjectVersion = 77;
			productRefGroup = 148EF9532F4EABFE0025F409 /* Products */;
			projectDirPath = "";
			projectRoot = "";
			targets = (
				148EF9512F4EABFE0025F409 /* Watermelon */,
			);
		};
/* End PBXProject section */

/* Begin PBXResourcesBuildPhase section */
		148EF9502F4EABFE0025F409 /* Resources */ = {
			isa = PBXResourcesBuildPhase;
			buildActionMask = 2147483647;
			files = (
			);
			runOnlyForDeploymentPostprocessing = 0;
		};
/* End PBXResourcesBuildPhase section */

/* Begin PBXShellScriptBuildPhase section */
		14FB00042FEA000100000001 /* Run Script: Crashlytics Upload Symbols */ = {
			isa = PBXShellScriptBuildPhase;
			alwaysOutOfDate = 1;
			buildActionMask = 2147483647;
			files = (
			);
			inputFileListPaths = (
			);
			inputPaths = (
				"${DWARF_DSYM_FOLDER_PATH}/${DWARF_DSYM_FILE_NAME}/Contents/Resources/DWARF/${TARGET_NAME}",
				"${BUILT_PRODUCTS_DIR}/${INFOPLIST_PATH}",
				"${BUILT_PRODUCTS_DIR}/${PRODUCT_NAME}.app/GoogleService-Info.plist",
			);
			name = "Run Script: Crashlytics Upload Symbols";
			outputFileListPaths = (
			);
			outputPaths = (
			);
			runOnlyForDeploymentPostprocessing = 0;
			shellPath = /bin/sh;
			shellScript = "\"${BUILD_DIR%/Build/*}/SourcePackages/checkouts/firebase-ios-sdk/Crashlytics/run\"\n";
		};
/* End PBXShellScriptBuildPhase section */

/* Begin PBXSourcesBuildPhase section */
		148EF94E2F4EABFE0025F409 /* Sources */ = {
			isa = PBXSourcesBuildPhase;
			buildActionMask = 2147483647;
			files = (
			);
			runOnlyForDeploymentPostprocessing = 0;
		};
/* End PBXSourcesBuildPhase section */

/* Begin XCBuildConfiguration section */
		148EF9662F4EABFF0025F409 /* Debug */ = {
			isa = XCBuildConfiguration;
			buildSettings = {
				ASSETCATALOG_COMPILER_APPICON_NAME = AppIcon;
				ASSETCATALOG_COMPILER_GLOBAL_ACCENT_COLOR_NAME = AccentColor;
				CODE_SIGN_STYLE = Automatic;
				CURRENT_PROJECT_VERSION = 1;
				DEVELOPMENT_TEAM = KKQQQNKMM6;
				GENERATE_INFOPLIST_FILE = YES;
				INFOPLIST_FILE = Watermelon/Resource/Info.plist;
				INFOPLIST_KEY_CFBundleDisplayName = Watermelon;
				INFOPLIST_KEY_ITSAppUsesNonExemptEncryption = NO;
				INFOPLIST_KEY_LSApplicationCategoryType = "public.app-category.photography";
				INFOPLIST_KEY_NSLocalNetworkUsageDescription = "Watermelon uses your local network to connect to SMB servers and back up your photos.";
				INFOPLIST_KEY_NSPhotoLibraryAddUsageDescription = "Watermelon writes to your photo library only when you restore photos or videos from a backup, placing the selected items back into the Photos app.";
				INFOPLIST_KEY_NSPhotoLibraryUsageDescription = "Watermelon reads your photos and videos to back up the originals to the SMB server, WebDAV server, or external drive you set up. Your files are never uploaded to Watermelon's servers.";
				INFOPLIST_KEY_UIApplicationSupportsIndirectInputEvents = YES;
				INFOPLIST_KEY_UILaunchStoryboardName = LaunchScreen;
				INFOPLIST_KEY_UISupportedInterfaceOrientations = UIInterfaceOrientationPortrait;
				INFOPLIST_KEY_UISupportedInterfaceOrientations_iPad = "UIInterfaceOrientationLandscapeLeft UIInterfaceOrientationLandscapeRight UIInterfaceOrientationPortrait UIInterfaceOrientationPortraitUpsideDown";
				IPHONEOS_DEPLOYMENT_TARGET = 18.0;
				LD_RUNPATH_SEARCH_PATHS = (
					"$(inherited)",
					"@executable_path/Frameworks",
				);
				MARKETING_VERSION = 1.1.0;
				PRODUCT_BUNDLE_IDENTIFIER = com.zizicici.watermelon;
				PRODUCT_NAME = "$(TARGET_NAME)";
				STRING_CATALOG_GENERATE_SYMBOLS = YES;
				SUPPORTED_PLATFORMS = "iphoneos iphonesimulator";
				SUPPORTS_MACCATALYST = NO;
				SUPPORTS_MAC_DESIGNED_FOR_IPHONE_IPAD = NO;
				SUPPORTS_XR_DESIGNED_FOR_IPHONE_IPAD = NO;
				SWIFT_APPROACHABLE_CONCURRENCY = YES;
				SWIFT_DEFAULT_ACTOR_ISOLATION = nonisolated;
				SWIFT_EMIT_LOC_STRINGS = YES;
				SWIFT_UPCOMING_FEATURE_MEMBER_IMPORT_VISIBILITY = YES;
				SWIFT_VERSION = 5.0;
				TARGETED_DEVICE_FAMILY = "1,2";
			};
			name = Debug;
		};
		148EF9672F4EABFF0025F409 /* Release */ = {
			isa = XCBuildConfiguration;
			buildSettings = {
				ASSETCATALOG_COMPILER_APPICON_NAME = AppIcon;
				ASSETCATALOG_COMPILER_GLOBAL_ACCENT_COLOR_NAME = AccentColor;
				CODE_SIGN_STYLE = Automatic;
				CURRENT_PROJECT_VERSION = 1;
				DEVELOPMENT_TEAM = KKQQQNKMM6;
				GENERATE_INFOPLIST_FILE = YES;
				INFOPLIST_FILE = Watermelon/Resource/Info.plist;
				INFOPLIST_KEY_CFBundleDisplayName = Watermelon;
				INFOPLIST_KEY_ITSAppUsesNonExemptEncryption = NO;
				INFOPLIST_KEY_LSApplicationCategoryType = "public.app-category.photography";
				INFOPLIST_KEY_NSLocalNetworkUsageDescription = "Watermelon uses your local network to connect to SMB servers and back up your photos.";
				INFOPLIST_KEY_NSPhotoLibraryAddUsageDescription = "Watermelon writes to your photo library only when you restore photos or videos from a backup, placing the selected items back into the Photos app.";
				INFOPLIST_KEY_NSPhotoLibraryUsageDescription = "Watermelon reads your photos and videos to back up the originals to the SMB server, WebDAV server, or external drive you set up. Your files are never uploaded to Watermelon's servers.";
				INFOPLIST_KEY_UIApplicationSupportsIndirectInputEvents = YES;
				INFOPLIST_KEY_UILaunchStoryboardName = LaunchScreen;
				INFOPLIST_KEY_UISupportedInterfaceOrientations = UIInterfaceOrientationPortrait;
				INFOPLIST_KEY_UISupportedInterfaceOrientations_iPad = "UIInterfaceOrientationLandscapeLeft UIInterfaceOrientationLandscapeRight UIInterfaceOrientationPortrait UIInterfaceOrientationPortraitUpsideDown";
				IPHONEOS_DEPLOYMENT_TARGET = 18.0;
				LD_RUNPATH_SEARCH_PATHS = (
					"$(inherited)",
					"@executable_path/Frameworks",
				);
				MARKETING_VERSION = 1.1.0;
				PRODUCT_BUNDLE_IDENTIFIER = com.zizicici.watermelon;
				PRODUCT_NAME = "$(TARGET_NAME)";
				STRING_CATALOG_GENERATE_SYMBOLS = YES;
				SUPPORTED_PLATFORMS = "iphoneos iphonesimulator";
				SUPPORTS_MACCATALYST = NO;
				SUPPORTS_MAC_DESIGNED_FOR_IPHONE_IPAD = NO;
				SUPPORTS_XR_DESIGNED_FOR_IPHONE_IPAD = NO;
				SWIFT_APPROACHABLE_CONCURRENCY = YES;
				SWIFT_DEFAULT_ACTOR_ISOLATION = nonisolated;
				SWIFT_EMIT_LOC_STRINGS = YES;
				SWIFT_UPCOMING_FEATURE_MEMBER_IMPORT_VISIBILITY = YES;
				SWIFT_VERSION = 5.0;
				TARGETED_DEVICE_FAMILY = "1,2";
			};
			name = Release;
		};
		148EF9682F4EABFF0025F409 /* Debug */ = {
			isa = XCBuildConfiguration;
			buildSettings = {
				ALWAYS_SEARCH_USER_PATHS = NO;
				ASSETCATALOG_COMPILER_GENERATE_SWIFT_ASSET_SYMBOL_EXTENSIONS = YES;
				CLANG_ANALYZER_LOCALIZABILITY_NONLOCALIZED = YES;
				CLANG_ANALYZER_NONNULL = YES;
				CLANG_ANALYZER_NUMBER_OBJECT_CONVERSION = YES_AGGRESSIVE;
				CLANG_CXX_LANGUAGE_STANDARD = "gnu++20";
				CLANG_ENABLE_MODULES = YES;
				CLANG_ENABLE_OBJC_ARC = YES;
				CLANG_ENABLE_OBJC_WEAK = YES;
				CLANG_WARN_BLOCK_CAPTURE_AUTORELEASING = YES;
				CLANG_WARN_BOOL_CONVERSION = YES;
				CLANG_WARN_COMMA = YES;
				CLANG_WARN_CONSTANT_CONVERSION = YES;
				CLANG_WARN_DEPRECATED_OBJC_IMPLEMENTATIONS = YES;
				CLANG_WARN_DIRECT_OBJC_ISA_USAGE = YES_ERROR;
				CLANG_WARN_DOCUMENTATION_COMMENTS = YES;
				CLANG_WARN_EMPTY_BODY = YES;
				CLANG_WARN_ENUM_CONVERSION = YES;
				CLANG_WARN_INFINITE_RECURSION = YES;
				CLANG_WARN_INT_CONVERSION = YES;
				CLANG_WARN_NON_LITERAL_NULL_CONVERSION = YES;
				CLANG_WARN_OBJC_IMPLICIT_RETAIN_SELF = YES;
				CLANG_WARN_OBJC_LITERAL_CONVERSION = YES;
				CLANG_WARN_OBJC_ROOT_CLASS = YES_ERROR;
				CLANG_WARN_QUOTED_INCLUDE_IN_FRAMEWORK_HEADER = YES;
				CLANG_WARN_RANGE_LOOP_ANALYSIS = YES;
				CLANG_WARN_STRICT_PROTOTYPES = YES;
				CLANG_WARN_SUSPICIOUS_MOVE = YES;
				CLANG_WARN_UNGUARDED_AVAILABILITY = YES_AGGRESSIVE;
				CLANG_WARN_UNREACHABLE_CODE = YES;
				CLANG_WARN__DUPLICATE_METHOD_MATCH = YES;
				COPY_PHASE_STRIP = NO;
				DEBUG_INFORMATION_FORMAT = dwarf;
				DEVELOPMENT_TEAM = KKQQQNKMM6;
				ENABLE_STRICT_OBJC_MSGSEND = YES;
				ENABLE_TESTABILITY = YES;
				ENABLE_USER_SCRIPT_SANDBOXING = YES;
				GCC_C_LANGUAGE_STANDARD = gnu17;
				GCC_DYNAMIC_NO_PIC = NO;
				GCC_NO_COMMON_BLOCKS = YES;
				GCC_OPTIMIZATION_LEVEL = 0;
				GCC_PREPROCESSOR_DEFINITIONS = (
					"DEBUG=1",
					"$(inherited)",
				);
				GCC_WARN_64_TO_32_BIT_CONVERSION = YES;
				GCC_WARN_ABOUT_RETURN_TYPE = YES_ERROR;
				GCC_WARN_UNDECLARED_SELECTOR = YES;
				GCC_WARN_UNINITIALIZED_AUTOS = YES_AGGRESSIVE;
				GCC_WARN_UNUSED_FUNCTION = YES;
				GCC_WARN_UNUSED_VARIABLE = YES;
				IPHONEOS_DEPLOYMENT_TARGET = 18.0;
				LOCALIZATION_PREFERS_STRING_CATALOGS = YES;
				MTL_ENABLE_DEBUG_INFO = INCLUDE_SOURCE;
				MTL_FAST_MATH = YES;
				ONLY_ACTIVE_ARCH = YES;
				SDKROOT = iphoneos;
				SWIFT_ACTIVE_COMPILATION_CONDITIONS = "DEBUG $(inherited)";
				SWIFT_EMIT_LOC_STRINGS = YES;
				SWIFT_OPTIMIZATION_LEVEL = "-Onone";
			};
			name = Debug;
		};
		148EF9692F4EABFF0025F409 /* Release */ = {
			isa = XCBuildConfiguration;
			buildSettings = {
				ALWAYS_SEARCH_USER_PATHS = NO;
				ASSETCATALOG_COMPILER_GENERATE_SWIFT_ASSET_SYMBOL_EXTENSIONS = YES;
				CLANG_ANALYZER_LOCALIZABILITY_NONLOCALIZED = YES;
				CLANG_ANALYZER_NONNULL = YES;
				CLANG_ANALYZER_NUMBER_OBJECT_CONVERSION = YES_AGGRESSIVE;
				CLANG_CXX_LANGUAGE_STANDARD = "gnu++20";
				CLANG_ENABLE_MODULES = YES;
				CLANG_ENABLE_OBJC_ARC = YES;
				CLANG_ENABLE_OBJC_WEAK = YES;
				CLANG_WARN_BLOCK_CAPTURE_AUTORELEASING = YES;
				CLANG_WARN_BOOL_CONVERSION = YES;
				CLANG_WARN_COMMA = YES;
				CLANG_WARN_CONSTANT_CONVERSION = YES;
				CLANG_WARN_DEPRECATED_OBJC_IMPLEMENTATIONS = YES;
				CLANG_WARN_DIRECT_OBJC_ISA_USAGE = YES_ERROR;
				CLANG_WARN_DOCUMENTATION_COMMENTS = YES;
				CLANG_WARN_EMPTY_BODY = YES;
				CLANG_WARN_ENUM_CONVERSION = YES;
				CLANG_WARN_INFINITE_RECURSION = YES;
				CLANG_WARN_INT_CONVERSION = YES;
				CLANG_WARN_NON_LITERAL_NULL_CONVERSION = YES;
				CLANG_WARN_OBJC_IMPLICIT_RETAIN_SELF = YES;
				CLANG_WARN_OBJC_LITERAL_CONVERSION = YES;
				CLANG_WARN_OBJC_ROOT_CLASS = YES_ERROR;
				CLANG_WARN_QUOTED_INCLUDE_IN_FRAMEWORK_HEADER = YES;
				CLANG_WARN_RANGE_LOOP_ANALYSIS = YES;
				CLANG_WARN_STRICT_PROTOTYPES = YES;
				CLANG_WARN_SUSPICIOUS_MOVE = YES;
				CLANG_WARN_UNGUARDED_AVAILABILITY = YES_AGGRESSIVE;
				CLANG_WARN_UNREACHABLE_CODE = YES;
				CLANG_WARN__DUPLICATE_METHOD_MATCH = YES;
				COPY_PHASE_STRIP = NO;
				DEBUG_INFORMATION_FORMAT = "dwarf-with-dsym";
				DEVELOPMENT_TEAM = KKQQQNKMM6;
				ENABLE_NS_ASSERTIONS = NO;
				ENABLE_STRICT_OBJC_MSGSEND = YES;
				ENABLE_USER_SCRIPT_SANDBOXING = YES;
				GCC_C_LANGUAGE_STANDARD = gnu17;
				GCC_NO_COMMON_BLOCKS = YES;
				GCC_WARN_64_TO_32_BIT_CONVERSION = YES;
				GCC_WARN_ABOUT_RETURN_TYPE = YES_ERROR;
				GCC_WARN_UNDECLARED_SELECTOR = YES;
				GCC_WARN_UNINITIALIZED_AUTOS = YES_AGGRESSIVE;
				GCC_WARN_UNUSED_FUNCTION = YES;
				GCC_WARN_UNUSED_VARIABLE = YES;
				IPHONEOS_DEPLOYMENT_TARGET = 18.0;
				LOCALIZATION_PREFERS_STRING_CATALOGS = YES;
				MTL_ENABLE_DEBUG_INFO = NO;
				MTL_FAST_MATH = YES;
				SDKROOT = iphoneos;
				SWIFT_COMPILATION_MODE = wholemodule;
				SWIFT_EMIT_LOC_STRINGS = YES;
				VALIDATE_PRODUCT = YES;
			};
			name = Release;
		};
/* End XCBuildConfiguration section */

/* Begin XCConfigurationList section */
		148EF94D2F4EABFE0025F409 /* Build configuration list for PBXProject "Watermelon" */ = {
			isa = XCConfigurationList;
			buildConfigurations = (
				148EF9682F4EABFF0025F409 /* Debug */,
				148EF9692F4EABFF0025F409 /* Release */,
			);
			defaultConfigurationIsVisible = 0;
			defaultConfigurationName = Release;
		};
		148EF9652F4EABFF0025F409 /* Build configuration list for PBXNativeTarget "Watermelon" */ = {
			isa = XCConfigurationList;
			buildConfigurations = (
				148EF9662F4EABFF0025F409 /* Debug */,
				148EF9672F4EABFF0025F409 /* Release */,
			);
			defaultConfigurationIsVisible = 0;
			defaultConfigurationName = Release;
		};
/* End XCConfigurationList section */

/* Begin XCRemoteSwiftPackageReference section */
		1442349F2F4EAFB600293274 /* XCRemoteSwiftPackageReference "PhotoBrowser" */ = {
			isa = XCRemoteSwiftPackageReference;
			repositoryURL = "https://github.com/JiongXing/PhotoBrowser";
			requirement = {
				kind = upToNextMajorVersion;
				minimumVersion = 4.0.2;
			};
		};
		144234A22F4EAFC200293274 /* XCRemoteSwiftPackageReference "Kingfisher" */ = {
			isa = XCRemoteSwiftPackageReference;
			repositoryURL = "https://github.com/onevcat/Kingfisher";
			requirement = {
				kind = upToNextMajorVersion;
				minimumVersion = 8.7.0;
			};
		};
		144234A52F4EAFE800293274 /* XCRemoteSwiftPackageReference "GRDB" */ = {
			isa = XCRemoteSwiftPackageReference;
			repositoryURL = "https://github.com/groue/GRDB.swift";
			requirement = {
				kind = upToNextMajorVersion;
				minimumVersion = 7.0.0;
			};
		};
		144234A82F4EAFF500293274 /* XCRemoteSwiftPackageReference "SnapKit" */ = {
			isa = XCRemoteSwiftPackageReference;
			repositoryURL = "https://github.com/SnapKit/SnapKit";
			requirement = {
				kind = upToNextMajorVersion;
				minimumVersion = 5.7.1;
			};
		};
		14B0C0A22F4F000100111111 /* XCRemoteSwiftPackageReference "AMSMB2" */ = {
			isa = XCRemoteSwiftPackageReference;
			repositoryURL = "https://github.com/amosavian/AMSMB2";
			requirement = {
				kind = upToNextMajorVersion;
				minimumVersion = 4.0.3;
			};
		};
		14C5C5672F84CEF200939535 /* XCRemoteSwiftPackageReference "MarqueeLabel" */ = {
			isa = XCRemoteSwiftPackageReference;
			repositoryURL = "https://github.com/cbpowell/MarqueeLabel";
			requirement = {
				kind = upToNextMajorVersion;
				minimumVersion = 4.5.3;
			};
		};
		14D1E0022FA50EF800B21C69 /* XCRemoteSwiftPackageReference "MoreKit" */ = {
			isa = XCRemoteSwiftPackageReference;
			repositoryURL = "https://github.com/zizicici/MoreKit";
			requirement = {
				kind = upToNextMajorVersion;
				minimumVersion = 1.9.0;
			};
		};
		14FB00012FEA000100000001 /* XCRemoteSwiftPackageReference "firebase-ios-sdk" */ = {
			isa = XCRemoteSwiftPackageReference;
			repositoryURL = "https://github.com/firebase/firebase-ios-sdk";
			requirement = {
				kind = upToNextMajorVersion;
				minimumVersion = 11.0.0;
			};
		};
/* End XCRemoteSwiftPackageReference section */

/* Begin XCSwiftPackageProductDependency section */
		144234A02F4EAFB600293274 /* JXPhotoBrowser */ = {
			isa = XCSwiftPackageProductDependency;
			package = 1442349F2F4EAFB600293274 /* XCRemoteSwiftPackageReference "PhotoBrowser" */;
			productName = JXPhotoBrowser;
		};
		144234A32F4EAFC200293274 /* Kingfisher */ = {
			isa = XCSwiftPackageProductDependency;
			package = 144234A22F4EAFC200293274 /* XCRemoteSwiftPackageReference "Kingfisher" */;
			productName = Kingfisher;
		};
		144234A62F4EAFE800293274 /* GRDB */ = {
			isa = XCSwiftPackageProductDependency;
			package = 144234A52F4EAFE800293274 /* XCRemoteSwiftPackageReference "GRDB" */;
			productName = GRDB;
		};
		144234A92F4EAFF500293274 /* SnapKit */ = {
			isa = XCSwiftPackageProductDependency;
			package = 144234A82F4EAFF500293274 /* XCRemoteSwiftPackageReference "SnapKit" */;
			productName = SnapKit;
		};
		14B0C0A32F4F000100111111 /* AMSMB2 */ = {
			isa = XCSwiftPackageProductDependency;
			package = 14B0C0A22F4F000100111111 /* XCRemoteSwiftPackageReference "AMSMB2" */;
			productName = AMSMB2;
		};
		14C5C5682F84CEF200939535 /* MarqueeLabel */ = {
			isa = XCSwiftPackageProductDependency;
			package = 14C5C5672F84CEF200939535 /* XCRemoteSwiftPackageReference "MarqueeLabel" */;
			productName = MarqueeLabel;
		};
		14D1E0032FA50EF800B21C69 /* MoreKit */ = {
			isa = XCSwiftPackageProductDependency;
			package = 14D1E0022FA50EF800B21C69 /* XCRemoteSwiftPackageReference "MoreKit" */;
			productName = MoreKit;
		};
		14FB00022FEA000100000001 /* FirebaseCrashlytics */ = {
			isa = XCSwiftPackageProductDependency;
			package = 14FB00012FEA000100000001 /* XCRemoteSwiftPackageReference "firebase-ios-sdk" */;
			productName = FirebaseCrashlytics;
		};
		14FB00052FEA000100000001 /* FirebaseAnalyticsWithoutAdIdSupport */ = {
			isa = XCSwiftPackageProductDependency;
			package = 14FB00012FEA000100000001 /* XCRemoteSwiftPackageReference "firebase-ios-sdk" */;
			productName = FirebaseAnalyticsWithoutAdIdSupport;
		};
/* End XCSwiftPackageProductDependency section */
	};
	rootObject = 148EF94A2F4EABFE0025F409 /* Project object */;
}
